// !$*UTF8*$!
{
	archiveVersion = 1;
	classes = {
	};
	objectVersion = 46;
	objects = {
/* Begin PBXBuildFile section */
		00E356F31AD99517003FC87E /* DoaDalamQuranTests.m in Sources */ = {isa = PBXBuildFile; fileRef = 00E356F21AD99517003FC87E /* DoaDalamQuranTests.m */; };
		13B07FBC1A68108700A75B9A /* AppDelegate.m in Sources */ = {isa = PBXBuildFile; fileRef = 13B07FB01A68108700A75B9A /* AppDelegate.m */; };
		13B07FBD1A68108700A75B9A /* LaunchScreen.xib in Resources */ = {isa = PBXBuildFile; fileRef = 13B07FB11A68108700A75B9A /* LaunchScreen.xib */; };
		13B07FBF1A68108700A75B9A /* Images.xcassets in Resources */ = {isa = PBXBuildFile; fileRef = 13B07FB51A68108700A75B9A /* Images.xcassets */; };
		13B07FC11A68108700A75B9A /* main.m in Sources */ = {isa = PBXBuildFile; fileRef = 13B07FB71A68108700A75B9A /* main.m */; };
		2D02E4BC1E0B4A80006451C7 /* AppDelegate.m in Sources */ = {isa = PBXBuildFile; fileRef = 13B07FB01A68108700A75B9A /* AppDelegate.m */; };
		2D02E4BD1E0B4A84006451C7 /* Images.xcassets in Resources */ = {isa = PBXBuildFile; fileRef = 13B07FB51A68108700A75B9A /* Images.xcassets */; };
		2D02E4BF1E0B4AB3006451C7 /* main.m in Sources */ = {isa = PBXBuildFile; fileRef = 13B07FB71A68108700A75B9A /* main.m */; };
		2DCD954D1E0B4F2C00145EB5 /* DoaDalamQuranTests.m in Sources */ = {isa = PBXBuildFile; fileRef = 00E356F21AD99517003FC87E /* DoaDalamQuranTests.m */; };
		52A858F5260B495AA6143C81 /* Roboto_medium.ttf in Resources */ = {isa = PBXBuildFile; fileRef = 47B22F9241254ADBAD2914DD /* Roboto_medium.ttf */; };
		F21232A27A174E38B3480CC5 /* Roboto.ttf in Resources */ = {isa = PBXBuildFile; fileRef = 14677E30CBF6485AAAADAEF1 /* Roboto.ttf */; };
		0ABB916DAA754A25AA8C2365 /* rubicon-icon-font.ttf in Resources */ = {isa = PBXBuildFile; fileRef = DACB625FCD6143FCB54D276B /* rubicon-icon-font.ttf */; };
		FE91C07CB42244A0ADBA69A5 /* Livvic-Regular.ttf in Resources */ = {isa = PBXBuildFile; fileRef = D0C22272A2A648489FB1ECB6 /* Livvic-Regular.ttf */; };
		04A77EBDBDDC4B63A8731261 /* MarkaziText-Regular.ttf in Resources */ = {isa = PBXBuildFile; fileRef = 4DF2677331784A53B3D9E867 /* MarkaziText-Regular.ttf */; };
		AA1381CF58744AD393FC8DE4 /* me_quran.ttf in Resources */ = {isa = PBXBuildFile; fileRef = 6478560A8C364051B80CB560 /* me_quran.ttf */; };
		5D66CBAFB7A34F76B33E8171 /* Livvic-Bold.ttf in Resources */ = {isa = PBXBuildFile; fileRef = 476989DBDB144D36AF6F7125 /* Livvic-Bold.ttf */; };
		729D70D8414E4BFE98F8E111 /* Livvic-Black.ttf in Resources */ = {isa = PBXBuildFile; fileRef = 43A22C9002FE45348AFD7193 /* Livvic-Black.ttf */; };
		E0FE8E1BF33142C7A2F73711 /* Livvic-BlackItalic.ttf in Resources */ = {isa = PBXBuildFile; fileRef = 02ACB1FD8CB449C9A2AC49E3 /* Livvic-BlackItalic.ttf */; };
		D4E747CB6D4D44C297AA5FBE /* Livvic-BoldItalic.ttf in Resources */ = {isa = PBXBuildFile; fileRef = 1DD593A734284C5DA8300A63 /* Livvic-BoldItalic.ttf */; };
		1C8C4FAE417549569556AD3A /* Livvic-ExtraLight.ttf in Resources */ = {isa = PBXBuildFile; fileRef = 680A3BDB2DC34C9A9665F53B /* Livvic-ExtraLight.ttf */; };
		37CD86B6EEEB4442AFF22A34 /* Livvic-ExtraLightItalic.ttf in Resources */ = {isa = PBXBuildFile; fileRef = 7285C45CBEF149FDBD01AF68 /* Livvic-ExtraLightItalic.ttf */; };
		AE0DFDD75C8B4B69A62D3BB1 /* Livvic-Light.ttf in Resources */ = {isa = PBXBuildFile; fileRef = EFFF6AA1350A498B9F21169B /* Livvic-Light.ttf */; };
		3538EB785D40427FBD7A49F4 /* Livvic-LightItalic.ttf in Resources */ = {isa = PBXBuildFile; fileRef = 7D90BA754BFD4E5C97091303 /* Livvic-LightItalic.ttf */; };
		29EEA5D7052A4E05BA2E90CB /* Livvic-Medium.ttf in Resources */ = {isa = PBXBuildFile; fileRef = 346E02772A6247CD85EA5BD6 /* Livvic-Medium.ttf */; };
		77036AD5456E46EA8BDCAAC2 /* Livvic-MediumItalic.ttf in Resources */ = {isa = PBXBuildFile; fileRef = EC758749A5C2457C9AB53347 /* Livvic-MediumItalic.ttf */; };
		35C1C859B18F46659A078EFC /* Livvic-RegularItalic.ttf in Resources */ = {isa = PBXBuildFile; fileRef = 35276C5FB049416DACD59CC9 /* Livvic-RegularItalic.ttf */; };
		14CFED1D8B1044808233834B /* Livvic-SemiBold.ttf in Resources */ = {isa = PBXBuildFile; fileRef = 6FB14526E0354753A32B6EB5 /* Livvic-SemiBold.ttf */; };
		69580D1DE9464284A8FB89B4 /* Livvic-SemiBoldItalic.ttf in Resources */ = {isa = PBXBuildFile; fileRef = 6B42202385E14D45B2923AD1 /* Livvic-SemiBoldItalic.ttf */; };
		11B4809CA81B47BD8E93FB97 /* Livvic-Thin.ttf in Resources */ = {isa = PBXBuildFile; fileRef = 70057C3ACC294682829616E1 /* Livvic-Thin.ttf */; };
		2C05C2FE2D274EEC8564D9BF /* Livvic-ThinItalic.ttf in Resources */ = {isa = PBXBuildFile; fileRef = 9AB9F391BD1142338EB890A3 /* Livvic-ThinItalic.ttf */; };
		16100B26B0EE4B8A98AEE2DE /* AntDesign.ttf in Resources */ = {isa = PBXBuildFile; fileRef = 0F31764ED4C14058A22478E6 /* AntDesign.ttf */; };
		DE6AF7A60C9B44A5A111D12D /* Entypo.ttf in Resources */ = {isa = PBXBuildFile; fileRef = E84189F9A727434F9C8F4046 /* Entypo.ttf */; };
		469602D9DC7C4BA3A5243853 /* EvilIcons.ttf in Resources */ = {isa = PBXBuildFile; fileRef = 808CA7073D7F40ECA28F8898 /* EvilIcons.ttf */; };
		68FD2C52CE2F4ED6AA852A72 /* Feather.ttf in Resources */ = {isa = PBXBuildFile; fileRef = 962B100F9D0B44FF9B6D0BF2 /* Feather.ttf */; };
		AA4DF130EE0F4DF6BAD119CB /* FontAwesome.ttf in Resources */ = {isa = PBXBuildFile; fileRef = 2D99277F27BB407FAAB7D7C1 /* FontAwesome.ttf */; };
		6B10E8416CCD4C268B8F11D3 /* FontAwesome5_Brands.ttf in Resources */ = {isa = PBXBuildFile; fileRef = 609FDEBAF73940D38550927D /* FontAwesome5_Brands.ttf */; };
		5399A891DE4D42B4AD77D907 /* FontAwesome5_Regular.ttf in Resources */ = {isa = PBXBuildFile; fileRef = F511DDA048984EB39CCDCEFE /* FontAwesome5_Regular.ttf */; };
		D76247FC5B554FCEB22D8AF6 /* FontAwesome5_Solid.ttf in Resources */ = {isa = PBXBuildFile; fileRef = BEE972441F3340ED9F99EF6D /* FontAwesome5_Solid.ttf */; };
		132B8D2882194D41B85DF0E4 /* Foundation.ttf in Resources */ = {isa = PBXBuildFile; fileRef = D62021B2C06145BFBF272734 /* Foundation.ttf */; };
		2E167FA998B34DBEB64FD3E3 /* Ionicons.ttf in Resources */ = {isa = PBXBuildFile; fileRef = 0C08A7750184478EA0925CC9 /* Ionicons.ttf */; };
		92741EFA7CA84B03A1F7C2D5 /* MaterialCommunityIcons.ttf in Resources */ = {isa = PBXBuildFile; fileRef = A0D9C489B16B45B2B604D0B1 /* MaterialCommunityIcons.ttf */; };
		0D1DB70A9B89403CAAFAAF70 /* MaterialIcons.ttf in Resources */ = {isa = PBXBuildFile; fileRef = CEF8E3F652654EEDA6B0B99E /* MaterialIcons.ttf */; };
		0FFF939DC97149C9BAB4AC5D /* Octicons.ttf in Resources */ = {isa = PBXBuildFile; fileRef = D12C8870A2F8414C9BB39598 /* Octicons.ttf */; };
		2D785299882F47DCB5206AAD /* SimpleLineIcons.ttf in Resources */ = {isa = PBXBuildFile; fileRef = D6C42A5DE2944E76913204FD /* SimpleLineIcons.ttf */; };
		6CFB4EB7A7D0407F99D411A1 /* Zocial.ttf in Resources */ = {isa = PBXBuildFile; fileRef = B6A83307B9404110AE570B03 /* Zocial.ttf */; };
		583B8BF8C1694E5E88D0D39D /* Fontisto.ttf in Resources */ = {isa = PBXBuildFile; fileRef = A5BA5F99DCE74B4C827E0B75 /* Fontisto.ttf */; };
/* End PBXBuildFile section */

/* Begin PBXContainerItemProxy section */
		00E356F41AD99517003FC87E /* PBXContainerItemProxy */ = {
			isa = PBXContainerItemProxy;
			containerPortal = 83CBB9F71A601CBA00E9B192 /* Project object */;
			proxyType = 1;
			remoteGlobalIDString = 13B07F861A680F5B00A75B9A;
			remoteInfo = DoaDalamQuran;
		};
		2D02E4911E0B4A5D006451C7 /* PBXContainerItemProxy */ = {
			isa = PBXContainerItemProxy;
			containerPortal = 83CBB9F71A601CBA00E9B192 /* Project object */;
			proxyType = 1;
			remoteGlobalIDString = 2D02E47A1E0B4A5D006451C7;
			remoteInfo = "DoaDalamQuran-tvOS";
		};
/* End PBXContainerItemProxy section */

/* Begin PBXFileReference section */
		008F07F21AC5B25A0029DE68 /* main.jsbundle */ = {isa = PBXFileReference; fileEncoding = 4; lastKnownFileType = text; path = main.jsbundle; sourceTree = "<group>"; };
		00E356EE1AD99517003FC87E /* DoaDalamQuranTests.xctest */ = {isa = PBXFileReference; explicitFileType = wrapper.cfbundle; includeInIndex = 0; path = DoaDalamQuranTests.xctest; sourceTree = BUILT_PRODUCTS_DIR; };
		00E356F11AD99517003FC87E /* Info.plist */ = {isa = PBXFileReference; lastKnownFileType = text.plist.xml; path = Info.plist; sourceTree = "<group>"; };
		00E356F21AD99517003FC87E /* DoaDalamQuranTests.m */ = {isa = PBXFileReference; lastKnownFileType = sourcecode.c.objc; path = DoaDalamQuranTests.m; sourceTree = "<group>"; };
		13B07F961A680F5B00A75B9A /* DoaDalamQuran.app */ = {isa = PBXFileReference; explicitFileType = wrapper.application; includeInIndex = 0; path = DoaDalamQuran.app; sourceTree = BUILT_PRODUCTS_DIR; };
		13B07FAF1A68108700A75B9A /* AppDelegate.h */ = {isa = PBXFileReference; fileEncoding = 4; lastKnownFileType = sourcecode.c.h; name = AppDelegate.h; path = DoaDalamQuran/AppDelegate.h; sourceTree = "<group>"; };
		13B07FB01A68108700A75B9A /* AppDelegate.m */ = {isa = PBXFileReference; fileEncoding = 4; lastKnownFileType = sourcecode.c.objc; name = AppDelegate.m; path = DoaDalamQuran/AppDelegate.m; sourceTree = "<group>"; };
		13B07FB21A68108700A75B9A /* Base */ = {isa = PBXFileReference; lastKnownFileType = file.xib; name = Base; path = Base.lproj/LaunchScreen.xib; sourceTree = "<group>"; };
		13B07FB51A68108700A75B9A /* Images.xcassets */ = {isa = PBXFileReference; lastKnownFileType = folder.assetcatalog; name = Images.xcassets; path = DoaDalamQuran/Images.xcassets; sourceTree = "<group>"; };
		13B07FB61A68108700A75B9A /* Info.plist */ = {isa = PBXFileReference; fileEncoding = 4; lastKnownFileType = text.plist.xml; name = Info.plist; path = DoaDalamQuran/Info.plist; sourceTree = "<group>"; };
		13B07FB71A68108700A75B9A /* main.m */ = {isa = PBXFileReference; fileEncoding = 4; lastKnownFileType = sourcecode.c.objc; name = main.m; path = DoaDalamQuran/main.m; sourceTree = "<group>"; };
		2D02E47B1E0B4A5D006451C7 /* DoaDalamQuran-tvOS.app */ = {isa = PBXFileReference; explicitFileType = wrapper.application; includeInIndex = 0; path = "DoaDalamQuran-tvOS.app"; sourceTree = BUILT_PRODUCTS_DIR; };
		2D02E4901E0B4A5D006451C7 /* DoaDalamQuran-tvOSTests.xctest */ = {isa = PBXFileReference; explicitFileType = wrapper.cfbundle; includeInIndex = 0; path = "DoaDalamQuran-tvOSTests.xctest"; sourceTree = BUILT_PRODUCTS_DIR; };
		ED297162215061F000B7C4FE /* JavaScriptCore.framework */ = {isa = PBXFileReference; lastKnownFileType = wrapper.framework; name = JavaScriptCore.framework; path = System/Library/Frameworks/JavaScriptCore.framework; sourceTree = SDKROOT; };
		ED2971642150620600B7C4FE /* JavaScriptCore.framework */ = {isa = PBXFileReference; lastKnownFileType = wrapper.framework; name = JavaScriptCore.framework; path = Platforms/AppleTVOS.platform/Developer/SDKs/AppleTVOS12.0.sdk/System/Library/Frameworks/JavaScriptCore.framework; sourceTree = DEVELOPER_DIR; };
		47B22F9241254ADBAD2914DD /* Roboto_medium.ttf */ = {isa = PBXFileReference; name = "Roboto_medium.ttf"; path = "../node_modules/native-base/Fonts/Roboto_medium.ttf"; sourceTree = "<group>"; fileEncoding = undefined; lastKnownFileType = unknown; explicitFileType = undefined; includeInIndex = 0; };
		14677E30CBF6485AAAADAEF1 /* Roboto.ttf */ = {isa = PBXFileReference; name = "Roboto.ttf"; path = "../node_modules/native-base/Fonts/Roboto.ttf"; sourceTree = "<group>"; fileEncoding = undefined; lastKnownFileType = unknown; explicitFileType = undefined; includeInIndex = 0; };
		DACB625FCD6143FCB54D276B /* rubicon-icon-font.ttf */ = {isa = PBXFileReference; name = "rubicon-icon-font.ttf"; path = "../node_modules/native-base/Fonts/rubicon-icon-font.ttf"; sourceTree = "<group>"; fileEncoding = undefined; lastKnownFileType = unknown; explicitFileType = undefined; includeInIndex = 0; };
		3D72EAF3BF944879A0496D33 /* AntDesign.ttf */ = {isa = PBXFileReference; name = "AntDesign.ttf"; path = "../node_modules/react-native-vector-icons/Fonts/AntDesign.ttf"; sourceTree = "<group>"; fileEncoding = undefined; lastKnownFileType = unknown; explicitFileType = undefined; includeInIndex = 0; };
		83C07C3ECA724700960E389A /* Entypo.ttf */ = {isa = PBXFileReference; name = "Entypo.ttf"; path = "../node_modules/react-native-vector-icons/Fonts/Entypo.ttf"; sourceTree = "<group>"; fileEncoding = undefined; lastKnownFileType = unknown; explicitFileType = undefined; includeInIndex = 0; };
		0A11B25E721E45E19A5E5784 /* EvilIcons.ttf */ = {isa = PBXFileReference; name = "EvilIcons.ttf"; path = "../node_modules/react-native-vector-icons/Fonts/EvilIcons.ttf"; sourceTree = "<group>"; fileEncoding = undefined; lastKnownFileType = unknown; explicitFileType = undefined; includeInIndex = 0; };
		D5B4A1BC46074963935358DE /* Feather.ttf */ = {isa = PBXFileReference; name = "Feather.ttf"; path = "../node_modules/react-native-vector-icons/Fonts/Feather.ttf"; sourceTree = "<group>"; fileEncoding = undefined; lastKnownFileType = unknown; explicitFileType = undefined; includeInIndex = 0; };
		5D2E8C8C56AF4A4F945F7C43 /* FontAwesome.ttf */ = {isa = PBXFileReference; name = "FontAwesome.ttf"; path = "../node_modules/react-native-vector-icons/Fonts/FontAwesome.ttf"; sourceTree = "<group>"; fileEncoding = undefined; lastKnownFileType = unknown; explicitFileType = undefined; includeInIndex = 0; };
		D6D7A2424D9145B39014C408 /* FontAwesome5_Brands.ttf */ = {isa = PBXFileReference; name = "FontAwesome5_Brands.ttf"; path = "../node_modules/react-native-vector-icons/Fonts/FontAwesome5_Brands.ttf"; sourceTree = "<group>"; fileEncoding = undefined; lastKnownFileType = unknown; explicitFileType = undefined; includeInIndex = 0; };
		BD4E286FF842490D84A84DB0 /* FontAwesome5_Regular.ttf */ = {isa = PBXFileReference; name = "FontAwesome5_Regular.ttf"; path = "../node_modules/react-native-vector-icons/Fonts/FontAwesome5_Regular.ttf"; sourceTree = "<group>"; fileEncoding = undefined; lastKnownFileType = unknown; explicitFileType = undefined; includeInIndex = 0; };
		DE4E521F8B664535A2E98B34 /* FontAwesome5_Solid.ttf */ = {isa = PBXFileReference; name = "FontAwesome5_Solid.ttf"; path = "../node_modules/react-native-vector-icons/Fonts/FontAwesome5_Solid.ttf"; sourceTree = "<group>"; fileEncoding = undefined; lastKnownFileType = unknown; explicitFileType = undefined; includeInIndex = 0; };
		DC215FE4AFEF45C79F8DC713 /* Foundation.ttf */ = {isa = PBXFileReference; name = "Foundation.ttf"; path = "../node_modules/react-native-vector-icons/Fonts/Foundation.ttf"; sourceTree = "<group>"; fileEncoding = undefined; lastKnownFileType = unknown; explicitFileType = undefined; includeInIndex = 0; };
		6F63228CC7834678BC06EF60 /* Ionicons.ttf */ = {isa = PBXFileReference; name = "Ionicons.ttf"; path = "../node_modules/react-native-vector-icons/Fonts/Ionicons.ttf"; sourceTree = "<group>"; fileEncoding = undefined; lastKnownFileType = unknown; explicitFileType = undefined; includeInIndex = 0; };
		04315705122D404D957B58B4 /* MaterialCommunityIcons.ttf */ = {isa = PBXFileReference; name = "MaterialCommunityIcons.ttf"; path = "../node_modules/react-native-vector-icons/Fonts/MaterialCommunityIcons.ttf"; sourceTree = "<group>"; fileEncoding = undefined; lastKnownFileType = unknown; explicitFileType = undefined; includeInIndex = 0; };
		64FF35CEFD6541ECA91E453F /* MaterialIcons.ttf */ = {isa = PBXFileReference; name = "MaterialIcons.ttf"; path = "../node_modules/react-native-vector-icons/Fonts/MaterialIcons.ttf"; sourceTree = "<group>"; fileEncoding = undefined; lastKnownFileType = unknown; explicitFileType = undefined; includeInIndex = 0; };
		82E1ED1C1ED64A52A41C5613 /* Octicons.ttf */ = {isa = PBXFileReference; name = "Octicons.ttf"; path = "../node_modules/react-native-vector-icons/Fonts/Octicons.ttf"; sourceTree = "<group>"; fileEncoding = undefined; lastKnownFileType = unknown; explicitFileType = undefined; includeInIndex = 0; };
		F8CA3A3BF81B43D9B31CA692 /* SimpleLineIcons.ttf */ = {isa = PBXFileReference; name = "SimpleLineIcons.ttf"; path = "../node_modules/react-native-vector-icons/Fonts/SimpleLineIcons.ttf"; sourceTree = "<group>"; fileEncoding = undefined; lastKnownFileType = unknown; explicitFileType = undefined; includeInIndex = 0; };
		CB21EE0CF7DF42BA898DA9B5 /* Zocial.ttf */ = {isa = PBXFileReference; name = "Zocial.ttf"; path = "../node_modules/react-native-vector-icons/Fonts/Zocial.ttf"; sourceTree = "<group>"; fileEncoding = undefined; lastKnownFileType = unknown; explicitFileType = undefined; includeInIndex = 0; };
		D0C22272A2A648489FB1ECB6 /* Livvic-Regular.ttf */ = {isa = PBXFileReference; name = "Livvic-Regular.ttf"; path = "../assets/fonts/Livvic-Regular.ttf"; sourceTree = "<group>"; fileEncoding = undefined; lastKnownFileType = unknown; explicitFileType = undefined; includeInIndex = 0; };
		4DF2677331784A53B3D9E867 /* MarkaziText-Regular.ttf */ = {isa = PBXFileReference; name = "MarkaziText-Regular.ttf"; path = "../assets/fonts/MarkaziText-Regular.ttf"; sourceTree = "<group>"; fileEncoding = undefined; lastKnownFileType = unknown; explicitFileType = undefined; includeInIndex = 0; };
		6478560A8C364051B80CB560 /* me_quran.ttf */ = {isa = PBXFileReference; name = "me_quran.ttf"; path = "../assets/fonts/me_quran.ttf"; sourceTree = "<group>"; fileEncoding = undefined; lastKnownFileType = unknown; explicitFileType = undefined; includeInIndex = 0; };
		476989DBDB144D36AF6F7125 /* Livvic-Bold.ttf */ = {isa = PBXFileReference; name = "Livvic-Bold.ttf"; path = "../assets/fonts/Livvic-Bold.ttf"; sourceTree = "<group>"; fileEncoding = undefined; lastKnownFileType = unknown; explicitFileType = undefined; includeInIndex = 0; };
		43A22C9002FE45348AFD7193 /* Livvic-Black.ttf */ = {isa = PBXFileReference; name = "Livvic-Black.ttf"; path = "../assets/fonts/Livvic-Black.ttf"; sourceTree = "<group>"; fileEncoding = undefined; lastKnownFileType = unknown; explicitFileType = undefined; includeInIndex = 0; };
		02ACB1FD8CB449C9A2AC49E3 /* Livvic-BlackItalic.ttf */ = {isa = PBXFileReference; name = "Livvic-BlackItalic.ttf"; path = "../assets/fonts/Livvic-BlackItalic.ttf"; sourceTree = "<group>"; fileEncoding = undefined; lastKnownFileType = unknown; explicitFileType = undefined; includeInIndex = 0; };
		1DD593A734284C5DA8300A63 /* Livvic-BoldItalic.ttf */ = {isa = PBXFileReference; name = "Livvic-BoldItalic.ttf"; path = "../assets/fonts/Livvic-BoldItalic.ttf"; sourceTree = "<group>"; fileEncoding = undefined; lastKnownFileType = unknown; explicitFileType = undefined; includeInIndex = 0; };
		680A3BDB2DC34C9A9665F53B /* Livvic-ExtraLight.ttf */ = {isa = PBXFileReference; name = "Livvic-ExtraLight.ttf"; path = "../assets/fonts/Livvic-ExtraLight.ttf"; sourceTree = "<group>"; fileEncoding = undefined; lastKnownFileType = unknown; explicitFileType = undefined; includeInIndex = 0; };
		7285C45CBEF149FDBD01AF68 /* Livvic-ExtraLightItalic.ttf */ = {isa = PBXFileReference; name = "Livvic-ExtraLightItalic.ttf"; path = "../assets/fonts/Livvic-ExtraLightItalic.ttf"; sourceTree = "<group>"; fileEncoding = undefined; lastKnownFileType = unknown; explicitFileType = undefined; includeInIndex = 0; };
		EFFF6AA1350A498B9F21169B /* Livvic-Light.ttf */ = {isa = PBXFileReference; name = "Livvic-Light.ttf"; path = "../assets/fonts/Livvic-Light.ttf"; sourceTree = "<group>"; fileEncoding = undefined; lastKnownFileType = unknown; explicitFileType = undefined; includeInIndex = 0; };
		7D90BA754BFD4E5C97091303 /* Livvic-LightItalic.ttf */ = {isa = PBXFileReference; name = "Livvic-LightItalic.ttf"; path = "../assets/fonts/Livvic-LightItalic.ttf"; sourceTree = "<group>"; fileEncoding = undefined; lastKnownFileType = unknown; explicitFileType = undefined; includeInIndex = 0; };
		346E02772A6247CD85EA5BD6 /* Livvic-Medium.ttf */ = {isa = PBXFileReference; name = "Livvic-Medium.ttf"; path = "../assets/fonts/Livvic-Medium.ttf"; sourceTree = "<group>"; fileEncoding = undefined; lastKnownFileType = unknown; explicitFileType = undefined; includeInIndex = 0; };
		EC758749A5C2457C9AB53347 /* Livvic-MediumItalic.ttf */ = {isa = PBXFileReference; name = "Livvic-MediumItalic.ttf"; path = "../assets/fonts/Livvic-MediumItalic.ttf"; sourceTree = "<group>"; fileEncoding = undefined; lastKnownFileType = unknown; explicitFileType = undefined; includeInIndex = 0; };
		35276C5FB049416DACD59CC9 /* Livvic-RegularItalic.ttf */ = {isa = PBXFileReference; name = "Livvic-RegularItalic.ttf"; path = "../assets/fonts/Livvic-RegularItalic.ttf"; sourceTree = "<group>"; fileEncoding = undefined; lastKnownFileType = unknown; explicitFileType = undefined; includeInIndex = 0; };
		6FB14526E0354753A32B6EB5 /* Livvic-SemiBold.ttf */ = {isa = PBXFileReference; name = "Livvic-SemiBold.ttf"; path = "../assets/fonts/Livvic-SemiBold.ttf"; sourceTree = "<group>"; fileEncoding = undefined; lastKnownFileType = unknown; explicitFileType = undefined; includeInIndex = 0; };
		6B42202385E14D45B2923AD1 /* Livvic-SemiBoldItalic.ttf */ = {isa = PBXFileReference; name = "Livvic-SemiBoldItalic.ttf"; path = "../assets/fonts/Livvic-SemiBoldItalic.ttf"; sourceTree = "<group>"; fileEncoding = undefined; lastKnownFileType = unknown; explicitFileType = undefined; includeInIndex = 0; };
		70057C3ACC294682829616E1 /* Livvic-Thin.ttf */ = {isa = PBXFileReference; name = "Livvic-Thin.ttf"; path = "../assets/fonts/Livvic-Thin.ttf"; sourceTree = "<group>"; fileEncoding = undefined; lastKnownFileType = unknown; explicitFileType = undefined; includeInIndex = 0; };
		9AB9F391BD1142338EB890A3 /* Livvic-ThinItalic.ttf */ = {isa = PBXFileReference; name = "Livvic-ThinItalic.ttf"; path = "../assets/fonts/Livvic-ThinItalic.ttf"; sourceTree = "<group>"; fileEncoding = undefined; lastKnownFileType = unknown; explicitFileType = undefined; includeInIndex = 0; };
		0F31764ED4C14058A22478E6 /* AntDesign.ttf */ = {isa = PBXFileReference; name = "AntDesign.ttf"; path = "../node_modules/native-base/Fonts/AntDesign.ttf"; sourceTree = "<group>"; fileEncoding = undefined; lastKnownFileType = unknown; explicitFileType = undefined; includeInIndex = 0; };
		E84189F9A727434F9C8F4046 /* Entypo.ttf */ = {isa = PBXFileReference; name = "Entypo.ttf"; path = "../node_modules/native-base/Fonts/Entypo.ttf"; sourceTree = "<group>"; fileEncoding = undefined; lastKnownFileType = unknown; explicitFileType = undefined; includeInIndex = 0; };
		808CA7073D7F40ECA28F8898 /* EvilIcons.ttf */ = {isa = PBXFileReference; name = "EvilIcons.ttf"; path = "../node_modules/native-base/Fonts/EvilIcons.ttf"; sourceTree = "<group>"; fileEncoding = undefined; lastKnownFileType = unknown; explicitFileType = undefined; includeInIndex = 0; };
		962B100F9D0B44FF9B6D0BF2 /* Feather.ttf */ = {isa = PBXFileReference; name = "Feather.ttf"; path = "../node_modules/native-base/Fonts/Feather.ttf"; sourceTree = "<group>"; fileEncoding = undefined; lastKnownFileType = unknown; explicitFileType = undefined; includeInIndex = 0; };
		2D99277F27BB407FAAB7D7C1 /* FontAwesome.ttf */ = {isa = PBXFileReference; name = "FontAwesome.ttf"; path = "../node_modules/native-base/Fonts/FontAwesome.ttf"; sourceTree = "<group>"; fileEncoding = undefined; lastKnownFileType = unknown; explicitFileType = undefined; includeInIndex = 0; };
		609FDEBAF73940D38550927D /* FontAwesome5_Brands.ttf */ = {isa = PBXFileReference; name = "FontAwesome5_Brands.ttf"; path = "../node_modules/native-base/Fonts/FontAwesome5_Brands.ttf"; sourceTree = "<group>"; fileEncoding = undefined; lastKnownFileType = unknown; explicitFileType = undefined; includeInIndex = 0; };
		F511DDA048984EB39CCDCEFE /* FontAwesome5_Regular.ttf */ = {isa = PBXFileReference; name = "FontAwesome5_Regular.ttf"; path = "../node_modules/native-base/Fonts/FontAwesome5_Regular.ttf"; sourceTree = "<group>"; fileEncoding = undefined; lastKnownFileType = unknown; explicitFileType = undefined; includeInIndex = 0; };
		BEE972441F3340ED9F99EF6D /* FontAwesome5_Solid.ttf */ = {isa = PBXFileReference; name = "FontAwesome5_Solid.ttf"; path = "../node_modules/native-base/Fonts/FontAwesome5_Solid.ttf"; sourceTree = "<group>"; fileEncoding = undefined; lastKnownFileType = unknown; explicitFileType = undefined; includeInIndex = 0; };
		D62021B2C06145BFBF272734 /* Foundation.ttf */ = {isa = PBXFileReference; name = "Foundation.ttf"; path = "../node_modules/native-base/Fonts/Foundation.ttf"; sourceTree = "<group>"; fileEncoding = undefined; lastKnownFileType = unknown; explicitFileType = undefined; includeInIndex = 0; };
		0C08A7750184478EA0925CC9 /* Ionicons.ttf */ = {isa = PBXFileReference; name = "Ionicons.ttf"; path = "../node_modules/native-base/Fonts/Ionicons.ttf"; sourceTree = "<group>"; fileEncoding = undefined; lastKnownFileType = unknown; explicitFileType = undefined; includeInIndex = 0; };
		A0D9C489B16B45B2B604D0B1 /* MaterialCommunityIcons.ttf */ = {isa = PBXFileReference; name = "MaterialCommunityIcons.ttf"; path = "../node_modules/native-base/Fonts/MaterialCommunityIcons.ttf"; sourceTree = "<group>"; fileEncoding = undefined; lastKnownFileType = unknown; explicitFileType = undefined; includeInIndex = 0; };
		CEF8E3F652654EEDA6B0B99E /* MaterialIcons.ttf */ = {isa = PBXFileReference; name = "MaterialIcons.ttf"; path = "../node_modules/native-base/Fonts/MaterialIcons.ttf"; sourceTree = "<group>"; fileEncoding = undefined; lastKnownFileType = unknown; explicitFileType = undefined; includeInIndex = 0; };
		D12C8870A2F8414C9BB39598 /* Octicons.ttf */ = {isa = PBXFileReference; name = "Octicons.ttf"; path = "../node_modules/native-base/Fonts/Octicons.ttf"; sourceTree = "<group>"; fileEncoding = undefined; lastKnownFileType = unknown; explicitFileType = undefined; includeInIndex = 0; };
		D6C42A5DE2944E76913204FD /* SimpleLineIcons.ttf */ = {isa = PBXFileReference; name = "SimpleLineIcons.ttf"; path = "../node_modules/native-base/Fonts/SimpleLineIcons.ttf"; sourceTree = "<group>"; fileEncoding = undefined; lastKnownFileType = unknown; explicitFileType = undefined; includeInIndex = 0; };
		B6A83307B9404110AE570B03 /* Zocial.ttf */ = {isa = PBXFileReference; name = "Zocial.ttf"; path = "../node_modules/native-base/Fonts/Zocial.ttf"; sourceTree = "<group>"; fileEncoding = undefined; lastKnownFileType = unknown; explicitFileType = undefined; includeInIndex = 0; };
		A5BA5F99DCE74B4C827E0B75 /* Fontisto.ttf */ = {isa = PBXFileReference; name = "Fontisto.ttf"; path = "../node_modules/react-native-vector-icons/Fonts/Fontisto.ttf"; sourceTree = "<group>"; fileEncoding = undefined; lastKnownFileType = unknown; explicitFileType = undefined; includeInIndex = 0; };
/* End PBXFileReference section */

/* Begin PBXFrameworksBuildPhase section */
		00E356EB1AD99517003FC87E /* Frameworks */ = {
			isa = PBXFrameworksBuildPhase;
			buildActionMask = 2147483647;
			files = (
			);
			runOnlyForDeploymentPostprocessing = 0;
		};
		13B07F8C1A680F5B00A75B9A /* Frameworks */ = {
			isa = PBXFrameworksBuildPhase;
			buildActionMask = 2147483647;
			files = (
			);
			runOnlyForDeploymentPostprocessing = 0;
		};
		2D02E4781E0B4A5D006451C7 /* Frameworks */ = {
			isa = PBXFrameworksBuildPhase;
			buildActionMask = 2147483647;
			files = (
			);
			runOnlyForDeploymentPostprocessing = 0;
		};
		2D02E48D1E0B4A5D006451C7 /* Frameworks */ = {
			isa = PBXFrameworksBuildPhase;
			buildActionMask = 2147483647;
			files = (
			);
			runOnlyForDeploymentPostprocessing = 0;
		};
/* End PBXFrameworksBuildPhase section */

/* Begin PBXGroup section */
		00E356EF1AD99517003FC87E /* DoaDalamQuranTests */ = {
			isa = PBXGroup;
			children = (
				00E356F21AD99517003FC87E /* DoaDalamQuranTests.m */,
				00E356F01AD99517003FC87E /* Supporting Files */,
			);
			path = DoaDalamQuranTests;
			sourceTree = "<group>";
		};
		00E356F01AD99517003FC87E /* Supporting Files */ = {
			isa = PBXGroup;
			children = (
				00E356F11AD99517003FC87E /* Info.plist */,
			);
			name = "Supporting Files";
			sourceTree = "<group>";
		};
		13B07FAE1A68108700A75B9A /* DoaDalamQuran */ = {
			isa = PBXGroup;
			children = (
				008F07F21AC5B25A0029DE68 /* main.jsbundle */,
				13B07FAF1A68108700A75B9A /* AppDelegate.h */,
				13B07FB01A68108700A75B9A /* AppDelegate.m */,
				13B07FB51A68108700A75B9A /* Images.xcassets */,
				13B07FB61A68108700A75B9A /* Info.plist */,
				13B07FB11A68108700A75B9A /* LaunchScreen.xib */,
				13B07FB71A68108700A75B9A /* main.m */,
			);
			name = DoaDalamQuran;
			sourceTree = "<group>";
		};
		2D16E6871FA4F8E400B85C8A /* Frameworks */ = {
			isa = PBXGroup;
			children = (
				ED297162215061F000B7C4FE /* JavaScriptCore.framework */,
				ED2971642150620600B7C4FE /* JavaScriptCore.framework */,
			);
			name = Frameworks;
			sourceTree = "<group>";
		};
		832341AE1AAA6A7D00B99B32 /* Libraries */ = {
			isa = PBXGroup;
			children = (
			);
			name = Libraries;
			sourceTree = "<group>";
		};
		83CBB9F61A601CBA00E9B192 = {
			isa = PBXGroup;
			children = (
				13B07FAE1A68108700A75B9A /* DoaDalamQuran */,
				832341AE1AAA6A7D00B99B32 /* Libraries */,
				00E356EF1AD99517003FC87E /* DoaDalamQuranTests */,
				83CBBA001A601CBA00E9B192 /* Products */,
				2D16E6871FA4F8E400B85C8A /* Frameworks */,
				47045A23A1734D348F728714 /* Resources */,
			);
			indentWidth = 2;
			sourceTree = "<group>";
			tabWidth = 2;
			usesTabs = 0;
		};
		83CBBA001A601CBA00E9B192 /* Products */ = {
			isa = PBXGroup;
			children = (
				13B07F961A680F5B00A75B9A /* DoaDalamQuran.app */,
				00E356EE1AD99517003FC87E /* DoaDalamQuranTests.xctest */,
				2D02E47B1E0B4A5D006451C7 /* DoaDalamQuran-tvOS.app */,
				2D02E4901E0B4A5D006451C7 /* DoaDalamQuran-tvOSTests.xctest */,
			);
			name = Products;
			sourceTree = "<group>";
		};
		47045A23A1734D348F728714 /* Resources */ = {
			isa = "PBXGroup";
			children = (
				47B22F9241254ADBAD2914DD /* Roboto_medium.ttf */,
				14677E30CBF6485AAAADAEF1 /* Roboto.ttf */,
				DACB625FCD6143FCB54D276B /* rubicon-icon-font.ttf */,
				3D72EAF3BF944879A0496D33 /* AntDesign.ttf */,
				83C07C3ECA724700960E389A /* Entypo.ttf */,
				0A11B25E721E45E19A5E5784 /* EvilIcons.ttf */,
				D5B4A1BC46074963935358DE /* Feather.ttf */,
				5D2E8C8C56AF4A4F945F7C43 /* FontAwesome.ttf */,
				D6D7A2424D9145B39014C408 /* FontAwesome5_Brands.ttf */,
				BD4E286FF842490D84A84DB0 /* FontAwesome5_Regular.ttf */,
				DE4E521F8B664535A2E98B34 /* FontAwesome5_Solid.ttf */,
				DC215FE4AFEF45C79F8DC713 /* Foundation.ttf */,
				6F63228CC7834678BC06EF60 /* Ionicons.ttf */,
				04315705122D404D957B58B4 /* MaterialCommunityIcons.ttf */,
				64FF35CEFD6541ECA91E453F /* MaterialIcons.ttf */,
				82E1ED1C1ED64A52A41C5613 /* Octicons.ttf */,
				F8CA3A3BF81B43D9B31CA692 /* SimpleLineIcons.ttf */,
				CB21EE0CF7DF42BA898DA9B5 /* Zocial.ttf */,
				D0C22272A2A648489FB1ECB6 /* Livvic-Regular.ttf */,
				4DF2677331784A53B3D9E867 /* MarkaziText-Regular.ttf */,
				6478560A8C364051B80CB560 /* me_quran.ttf */,
				476989DBDB144D36AF6F7125 /* Livvic-Bold.ttf */,
				43A22C9002FE45348AFD7193 /* Livvic-Black.ttf */,
				02ACB1FD8CB449C9A2AC49E3 /* Livvic-BlackItalic.ttf */,
				1DD593A734284C5DA8300A63 /* Livvic-BoldItalic.ttf */,
				680A3BDB2DC34C9A9665F53B /* Livvic-ExtraLight.ttf */,
				7285C45CBEF149FDBD01AF68 /* Livvic-ExtraLightItalic.ttf */,
				EFFF6AA1350A498B9F21169B /* Livvic-Light.ttf */,
				7D90BA754BFD4E5C97091303 /* Livvic-LightItalic.ttf */,
				346E02772A6247CD85EA5BD6 /* Livvic-Medium.ttf */,
				EC758749A5C2457C9AB53347 /* Livvic-MediumItalic.ttf */,
				35276C5FB049416DACD59CC9 /* Livvic-RegularItalic.ttf */,
				6FB14526E0354753A32B6EB5 /* Livvic-SemiBold.ttf */,
				6B42202385E14D45B2923AD1 /* Livvic-SemiBoldItalic.ttf */,
				70057C3ACC294682829616E1 /* Livvic-Thin.ttf */,
				9AB9F391BD1142338EB890A3 /* Livvic-ThinItalic.ttf */,
				0F31764ED4C14058A22478E6 /* AntDesign.ttf */,
				E84189F9A727434F9C8F4046 /* Entypo.ttf */,
				808CA7073D7F40ECA28F8898 /* EvilIcons.ttf */,
				962B100F9D0B44FF9B6D0BF2 /* Feather.ttf */,
				2D99277F27BB407FAAB7D7C1 /* FontAwesome.ttf */,
				609FDEBAF73940D38550927D /* FontAwesome5_Brands.ttf */,
				F511DDA048984EB39CCDCEFE /* FontAwesome5_Regular.ttf */,
				BEE972441F3340ED9F99EF6D /* FontAwesome5_Solid.ttf */,
				D62021B2C06145BFBF272734 /* Foundation.ttf */,
				0C08A7750184478EA0925CC9 /* Ionicons.ttf */,
				A0D9C489B16B45B2B604D0B1 /* MaterialCommunityIcons.ttf */,
				CEF8E3F652654EEDA6B0B99E /* MaterialIcons.ttf */,
				D12C8870A2F8414C9BB39598 /* Octicons.ttf */,
				D6C42A5DE2944E76913204FD /* SimpleLineIcons.ttf */,
				B6A83307B9404110AE570B03 /* Zocial.ttf */,
				A5BA5F99DCE74B4C827E0B75 /* Fontisto.ttf */,
			);
			name = Resources;
			sourceTree = "<group>";
			path = "";
		};
/* End PBXGroup section */

/* Begin PBXNativeTarget section */
		00E356ED1AD99517003FC87E /* DoaDalamQuranTests */ = {
			isa = PBXNativeTarget;
			buildConfigurationList = 00E357021AD99517003FC87E /* Build configuration list for PBXNativeTarget "DoaDalamQuranTests" */;
			buildPhases = (
				00E356EA1AD99517003FC87E /* Sources */,
				00E356EB1AD99517003FC87E /* Frameworks */,
				00E356EC1AD99517003FC87E /* Resources */,
			);
			buildRules = (
			);
			dependencies = (
				00E356F51AD99517003FC87E /* PBXTargetDependency */,
			);
			name = DoaDalamQuranTests;
			productName = DoaDalamQuranTests;
			productReference = 00E356EE1AD99517003FC87E /* DoaDalamQuranTests.xctest */;
			productType = "com.apple.product-type.bundle.unit-test";
		};
		13B07F861A680F5B00A75B9A /* DoaDalamQuran */ = {
			isa = PBXNativeTarget;
			buildConfigurationList = 13B07F931A680F5B00A75B9A /* Build configuration list for PBXNativeTarget "DoaDalamQuran" */;
			buildPhases = (
				FD10A7F022414F080027D42C /* Start Packager */,
				13B07F871A680F5B00A75B9A /* Sources */,
				13B07F8C1A680F5B00A75B9A /* Frameworks */,
				13B07F8E1A680F5B00A75B9A /* Resources */,
				00DD1BFF1BD5951E006B06BC /* Bundle React Native code and images */,
			);
			buildRules = (
			);
			dependencies = (
			);
			name = DoaDalamQuran;
			productName = "DoaDalamQuran";
			productReference = 13B07F961A680F5B00A75B9A /* DoaDalamQuran.app */;
			productType = "com.apple.product-type.application";
		};
		2D02E47A1E0B4A5D006451C7 /* DoaDalamQuran-tvOS */ = {
			isa = PBXNativeTarget;
			buildConfigurationList = 2D02E4BA1E0B4A5E006451C7 /* Build configuration list for PBXNativeTarget "DoaDalamQuran-tvOS" */;
			buildPhases = (
				FD10A7F122414F3F0027D42C /* Start Packager */,
				2D02E4771E0B4A5D006451C7 /* Sources */,
				2D02E4781E0B4A5D006451C7 /* Frameworks */,
				2D02E4791E0B4A5D006451C7 /* Resources */,
				2D02E4CB1E0B4B27006451C7 /* Bundle React Native Code And Images */,
			);
			buildRules = (
			);
			dependencies = (
			);
			name = "DoaDalamQuran-tvOS";
			productName = "DoaDalamQuran-tvOS";
			productReference = 2D02E47B1E0B4A5D006451C7 /* DoaDalamQuran-tvOS.app */;
			productType = "com.apple.product-type.application";
		};
		2D02E48F1E0B4A5D006451C7 /* DoaDalamQuran-tvOSTests */ = {
			isa = PBXNativeTarget;
			buildConfigurationList = 2D02E4BB1E0B4A5E006451C7 /* Build configuration list for PBXNativeTarget "DoaDalamQuran-tvOSTests" */;
			buildPhases = (
				2D02E48C1E0B4A5D006451C7 /* Sources */,
				2D02E48D1E0B4A5D006451C7 /* Frameworks */,
				2D02E48E1E0B4A5D006451C7 /* Resources */,
			);
			buildRules = (
			);
			dependencies = (
				2D02E4921E0B4A5D006451C7 /* PBXTargetDependency */,
			);
			name = "DoaDalamQuran-tvOSTests";
			productName = "DoaDalamQuran-tvOSTests";
			productReference = 2D02E4901E0B4A5D006451C7 /* DoaDalamQuran-tvOSTests.xctest */;
			productType = "com.apple.product-type.bundle.unit-test";
		};
/* End PBXNativeTarget section */

/* Begin PBXProject section */
		83CBB9F71A601CBA00E9B192 /* Project object */ = {
			isa = PBXProject;
			attributes = {
				LastUpgradeCheck = 940;
				ORGANIZATIONNAME = Facebook;
				TargetAttributes = {
					00E356ED1AD99517003FC87E = {
						CreatedOnToolsVersion = 6.2;
						TestTargetID = 13B07F861A680F5B00A75B9A;
					};
					2D02E47A1E0B4A5D006451C7 = {
						CreatedOnToolsVersion = 8.2.1;
						ProvisioningStyle = Automatic;
					};
					2D02E48F1E0B4A5D006451C7 = {
						CreatedOnToolsVersion = 8.2.1;
						ProvisioningStyle = Automatic;
						TestTargetID = 2D02E47A1E0B4A5D006451C7;
					};
				};
			};
			buildConfigurationList = 83CBB9FA1A601CBA00E9B192 /* Build configuration list for PBXProject "DoaDalamQuran" */;
			compatibilityVersion = "Xcode 3.2";
			developmentRegion = English;
			hasScannedForEncodings = 0;
			knownRegions = (
				en,
				Base,
			);
			mainGroup = 83CBB9F61A601CBA00E9B192;
			productRefGroup = 83CBBA001A601CBA00E9B192 /* Products */;
			projectDirPath = "";
			projectRoot = "";
			targets = (
				13B07F861A680F5B00A75B9A /* DoaDalamQuran */,
				00E356ED1AD99517003FC87E /* DoaDalamQuranTests */,
				2D02E47A1E0B4A5D006451C7 /* DoaDalamQuran-tvOS */,
				2D02E48F1E0B4A5D006451C7 /* DoaDalamQuran-tvOSTests */,
			);
		};
/* End PBXProject section */

/* Begin PBXResourcesBuildPhase section */
		00E356EC1AD99517003FC87E /* Resources */ = {
			isa = PBXResourcesBuildPhase;
			buildActionMask = 2147483647;
			files = (
			);
			runOnlyForDeploymentPostprocessing = 0;
		};
		13B07F8E1A680F5B00A75B9A /* Resources */ = {
			isa = PBXResourcesBuildPhase;
			buildActionMask = 2147483647;
			files = (
				13B07FBF1A68108700A75B9A /* Images.xcassets in Resources */,
				13B07FBD1A68108700A75B9A /* LaunchScreen.xib in Resources */,
				52A858F5260B495AA6143C81 /* Roboto_medium.ttf in Resources */,
				F21232A27A174E38B3480CC5 /* Roboto.ttf in Resources */,
				0ABB916DAA754A25AA8C2365 /* rubicon-icon-font.ttf in Resources */,
				27286E1B3905450480E3FD6F /* AntDesign.ttf in Resources */,
				112FA2BF6A7C400F85CDFF4A /* Entypo.ttf in Resources */,
				E6CCD3BAF46743A9BBA41DF2 /* EvilIcons.ttf in Resources */,
				6ED68B4714FD463FB81B5DD3 /* Feather.ttf in Resources */,
				B540FF251ADF4E74A9EDFA70 /* FontAwesome.ttf in Resources */,
				17D6B5679C484B70B0DA198B /* FontAwesome5_Brands.ttf in Resources */,
				CC6CD3BE438C4A1A9D85EC4C /* FontAwesome5_Regular.ttf in Resources */,
				FC37778B226B408CB563037C /* FontAwesome5_Solid.ttf in Resources */,
				60701C6BDBF14404A02503F7 /* Foundation.ttf in Resources */,
				82A7A398829D416F87492A3D /* Ionicons.ttf in Resources */,
				965776D496E84FADBFBEABF8 /* MaterialCommunityIcons.ttf in Resources */,
				D4D2EEB1761E4ACA95B85C9B /* MaterialIcons.ttf in Resources */,
				CDC2835F9F174FFFACB52B32 /* Octicons.ttf in Resources */,
				AFDD3D04277D470086AD0278 /* SimpleLineIcons.ttf in Resources */,
				3B8F276A7DE84C669857E576 /* Zocial.ttf in Resources */,
				FE91C07CB42244A0ADBA69A5 /* Livvic-Regular.ttf in Resources */,
				04A77EBDBDDC4B63A8731261 /* MarkaziText-Regular.ttf in Resources */,
				AA1381CF58744AD393FC8DE4 /* me_quran.ttf in Resources */,
				5D66CBAFB7A34F76B33E8171 /* Livvic-Bold.ttf in Resources */,
				729D70D8414E4BFE98F8E111 /* Livvic-Black.ttf in Resources */,
				E0FE8E1BF33142C7A2F73711 /* Livvic-BlackItalic.ttf in Resources */,
				D4E747CB6D4D44C297AA5FBE /* Livvic-BoldItalic.ttf in Resources */,
				1C8C4FAE417549569556AD3A /* Livvic-ExtraLight.ttf in Resources */,
				37CD86B6EEEB4442AFF22A34 /* Livvic-ExtraLightItalic.ttf in Resources */,
				AE0DFDD75C8B4B69A62D3BB1 /* Livvic-Light.ttf in Resources */,
				3538EB785D40427FBD7A49F4 /* Livvic-LightItalic.ttf in Resources */,
				29EEA5D7052A4E05BA2E90CB /* Livvic-Medium.ttf in Resources */,
				77036AD5456E46EA8BDCAAC2 /* Livvic-MediumItalic.ttf in Resources */,
				35C1C859B18F46659A078EFC /* Livvic-RegularItalic.ttf in Resources */,
				14CFED1D8B1044808233834B /* Livvic-SemiBold.ttf in Resources */,
				69580D1DE9464284A8FB89B4 /* Livvic-SemiBoldItalic.ttf in Resources */,
				11B4809CA81B47BD8E93FB97 /* Livvic-Thin.ttf in Resources */,
				2C05C2FE2D274EEC8564D9BF /* Livvic-ThinItalic.ttf in Resources */,
				16100B26B0EE4B8A98AEE2DE /* AntDesign.ttf in Resources */,
				DE6AF7A60C9B44A5A111D12D /* Entypo.ttf in Resources */,
				469602D9DC7C4BA3A5243853 /* EvilIcons.ttf in Resources */,
				68FD2C52CE2F4ED6AA852A72 /* Feather.ttf in Resources */,
				AA4DF130EE0F4DF6BAD119CB /* FontAwesome.ttf in Resources */,
				6B10E8416CCD4C268B8F11D3 /* FontAwesome5_Brands.ttf in Resources */,
				5399A891DE4D42B4AD77D907 /* FontAwesome5_Regular.ttf in Resources */,
				D76247FC5B554FCEB22D8AF6 /* FontAwesome5_Solid.ttf in Resources */,
				132B8D2882194D41B85DF0E4 /* Foundation.ttf in Resources */,
				2E167FA998B34DBEB64FD3E3 /* Ionicons.ttf in Resources */,
				92741EFA7CA84B03A1F7C2D5 /* MaterialCommunityIcons.ttf in Resources */,
				0D1DB70A9B89403CAAFAAF70 /* MaterialIcons.ttf in Resources */,
				0FFF939DC97149C9BAB4AC5D /* Octicons.ttf in Resources */,
				2D785299882F47DCB5206AAD /* SimpleLineIcons.ttf in Resources */,
				6CFB4EB7A7D0407F99D411A1 /* Zocial.ttf in Resources */,
				583B8BF8C1694E5E88D0D39D /* Fontisto.ttf in Resources */,
			);
			runOnlyForDeploymentPostprocessing = 0;
		};
		2D02E4791E0B4A5D006451C7 /* Resources */ = {
			isa = PBXResourcesBuildPhase;
			buildActionMask = 2147483647;
			files = (
				2D02E4BD1E0B4A84006451C7 /* Images.xcassets in Resources */,
			);
			runOnlyForDeploymentPostprocessing = 0;
		};
		2D02E48E1E0B4A5D006451C7 /* Resources */ = {
			isa = PBXResourcesBuildPhase;
			buildActionMask = 2147483647;
			files = (
			);
			runOnlyForDeploymentPostprocessing = 0;
		};
/* End PBXResourcesBuildPhase section */

/* Begin PBXShellScriptBuildPhase section */
		00DD1BFF1BD5951E006B06BC /* Bundle React Native code and images */ = {
			isa = PBXShellScriptBuildPhase;
			buildActionMask = 2147483647;
			files = (
			);
			inputPaths = (
			);
			name = "Bundle React Native code and images";
			outputPaths = (
			);
			runOnlyForDeploymentPostprocessing = 0;
			shellPath = /bin/sh;
			shellScript = "export NODE_BINARY=node\n../node_modules/react-native/scripts/react-native-xcode.sh";
		};
		2D02E4CB1E0B4B27006451C7 /* Bundle React Native Code And Images */ = {
			isa = PBXShellScriptBuildPhase;
			buildActionMask = 2147483647;
			files = (
			);
			inputPaths = (
			);
			name = "Bundle React Native Code And Images";
			outputPaths = (
			);
			runOnlyForDeploymentPostprocessing = 0;
			shellPath = /bin/sh;
			shellScript = "export NODE_BINARY=node\n../node_modules/react-native/scripts/react-native-xcode.sh";
		};
		FD10A7F022414F080027D42C /* Start Packager */ = {
			isa = PBXShellScriptBuildPhase;
			buildActionMask = 2147483647;
			files = (
			);
			inputFileListPaths = (
			);
			inputPaths = (
			);
			name = "Start Packager";
			outputFileListPaths = (
			);
			outputPaths = (
			);
			runOnlyForDeploymentPostprocessing = 0;
			shellPath = /bin/sh;
			shellScript = "export RCT_METRO_PORT=\"${RCT_METRO_PORT:=8081}\"\necho \"export RCT_METRO_PORT=${RCT_METRO_PORT}\" > \"${SRCROOT}/../node_modules/react-native/scripts/.packager.env\"\nif [ -z \"${RCT_NO_LAUNCH_PACKAGER+xxx}\" ] ; then\n  if nc -w 5 -z localhost ${RCT_METRO_PORT} ; then\n    if ! curl -s \"http://localhost:${RCT_METRO_PORT}/status\" | grep -q \"packager-status:running\" ; then\n      echo \"Port ${RCT_METRO_PORT} already in use, packager is either not running or not running correctly\"\n      exit 2\n    fi\n  else\n    open \"$SRCROOT/../node_modules/react-native/scripts/launchPackager.command\" || echo \"Can't start packager automatically\"\n  fi\nfi\n";
			showEnvVarsInLog = 0;
		};
		FD10A7F122414F3F0027D42C /* Start Packager */ = {
			isa = PBXShellScriptBuildPhase;
			buildActionMask = 2147483647;
			files = (
			);
			inputFileListPaths = (
			);
			inputPaths = (
			);
			name = "Start Packager";
			outputFileListPaths = (
			);
			outputPaths = (
			);
			runOnlyForDeploymentPostprocessing = 0;
			shellPath = /bin/sh;
			shellScript = "export RCT_METRO_PORT=\"${RCT_METRO_PORT:=8081}\"\necho \"export RCT_METRO_PORT=${RCT_METRO_PORT}\" > \"${SRCROOT}/../node_modules/react-native/scripts/.packager.env\"\nif [ -z \"${RCT_NO_LAUNCH_PACKAGER+xxx}\" ] ; then\n  if nc -w 5 -z localhost ${RCT_METRO_PORT} ; then\n    if ! curl -s \"http://localhost:${RCT_METRO_PORT}/status\" | grep -q \"packager-status:running\" ; then\n      echo \"Port ${RCT_METRO_PORT} already in use, packager is either not running or not running correctly\"\n      exit 2\n    fi\n  else\n    open \"$SRCROOT/../node_modules/react-native/scripts/launchPackager.command\" || echo \"Can't start packager automatically\"\n  fi\nfi\n";
			showEnvVarsInLog = 0;
		};
/* End PBXShellScriptBuildPhase section */

/* Begin PBXSourcesBuildPhase section */
		00E356EA1AD99517003FC87E /* Sources */ = {
			isa = PBXSourcesBuildPhase;
			buildActionMask = 2147483647;
			files = (
				00E356F31AD99517003FC87E /* DoaDalamQuranTests.m in Sources */,
			);
			runOnlyForDeploymentPostprocessing = 0;
		};
		13B07F871A680F5B00A75B9A /* Sources */ = {
			isa = PBXSourcesBuildPhase;
			buildActionMask = 2147483647;
			files = (
				13B07FBC1A68108700A75B9A /* AppDelegate.m in Sources */,
				13B07FC11A68108700A75B9A /* main.m in Sources */,
			);
			runOnlyForDeploymentPostprocessing = 0;
		};
		2D02E4771E0B4A5D006451C7 /* Sources */ = {
			isa = PBXSourcesBuildPhase;
			buildActionMask = 2147483647;
			files = (
				2D02E4BF1E0B4AB3006451C7 /* main.m in Sources */,
				2D02E4BC1E0B4A80006451C7 /* AppDelegate.m in Sources */,
			);
			runOnlyForDeploymentPostprocessing = 0;
		};
		2D02E48C1E0B4A5D006451C7 /* Sources */ = {
			isa = PBXSourcesBuildPhase;
			buildActionMask = 2147483647;
			files = (
				2DCD954D1E0B4F2C00145EB5 /* DoaDalamQuranTests.m in Sources */,
			);
			runOnlyForDeploymentPostprocessing = 0;
		};
/* End PBXSourcesBuildPhase section */

/* Begin PBXTargetDependency section */
		00E356F51AD99517003FC87E /* PBXTargetDependency */ = {
			isa = PBXTargetDependency;
			target = 13B07F861A680F5B00A75B9A /* DoaDalamQuran */;
			targetProxy = 00E356F41AD99517003FC87E /* PBXContainerItemProxy */;
		};
		2D02E4921E0B4A5D006451C7 /* PBXTargetDependency */ = {
			isa = PBXTargetDependency;
			target = 2D02E47A1E0B4A5D006451C7 /* DoaDalamQuran-tvOS */;
			targetProxy = 2D02E4911E0B4A5D006451C7 /* PBXContainerItemProxy */;
		};
/* End PBXTargetDependency section */

/* Begin PBXVariantGroup section */
		13B07FB11A68108700A75B9A /* LaunchScreen.xib */ = {
			isa = PBXVariantGroup;
			children = (
				13B07FB21A68108700A75B9A /* Base */,
			);
			name = LaunchScreen.xib;
			path = DoaDalamQuran;
			sourceTree = "<group>";
		};
/* End PBXVariantGroup section */

/* Begin XCBuildConfiguration section */
		00E356F61AD99517003FC87E /* Debug */ = {
			isa = XCBuildConfiguration;
			buildSettings = {
				BUNDLE_LOADER = "$(TEST_HOST)";
				GCC_PREPROCESSOR_DEFINITIONS = (
					"DEBUG=1",
					"$(inherited)",
				);
				INFOPLIST_FILE = DoaDalamQuranTests/Info.plist;
				IPHONEOS_DEPLOYMENT_TARGET = 9.0;
				LD_RUNPATH_SEARCH_PATHS = "$(inherited) @executable_path/Frameworks @loader_path/Frameworks";
				OTHER_LDFLAGS = (
					"-ObjC",
					"-lc++",
					"$(inherited)",
				);
				PRODUCT_BUNDLE_IDENTIFIER = "org.reactjs.native.example.$(PRODUCT_NAME:rfc1034identifier)";
				PRODUCT_NAME = "$(TARGET_NAME)";
				TEST_HOST = "$(BUILT_PRODUCTS_DIR)/DoaDalamQuran.app/DoaDalamQuran";
			};
			name = Debug;
		};
		00E356F71AD99517003FC87E /* Release */ = {
			isa = XCBuildConfiguration;
			buildSettings = {
				BUNDLE_LOADER = "$(TEST_HOST)";
				COPY_PHASE_STRIP = NO;
				INFOPLIST_FILE = DoaDalamQuranTests/Info.plist;
				IPHONEOS_DEPLOYMENT_TARGET = 9.0;
				LD_RUNPATH_SEARCH_PATHS = "$(inherited) @executable_path/Frameworks @loader_path/Frameworks";
				OTHER_LDFLAGS = (
					"-ObjC",
					"-lc++",
					"$(inherited)",
				);
				PRODUCT_BUNDLE_IDENTIFIER = "org.reactjs.native.example.$(PRODUCT_NAME:rfc1034identifier)";
				PRODUCT_NAME = "$(TARGET_NAME)";
				TEST_HOST = "$(BUILT_PRODUCTS_DIR)/DoaDalamQuran.app/DoaDalamQuran";
			};
			name = Release;
		};
		13B07F941A680F5B00A75B9A /* Debug */ = {
			isa = XCBuildConfiguration;
			buildSettings = {
				ASSETCATALOG_COMPILER_APPICON_NAME = AppIcon;
				CURRENT_PROJECT_VERSION = 1;
				DEAD_CODE_STRIPPING = NO;
				INFOPLIST_FILE = DoaDalamQuran/Info.plist;
				LD_RUNPATH_SEARCH_PATHS = "$(inherited) @executable_path/Frameworks";
				OTHER_LDFLAGS = (
					"$(inherited)",
					"-ObjC",
					"-lc++",
				);
				PRODUCT_BUNDLE_IDENTIFIER = "org.reactjs.native.example.$(PRODUCT_NAME:rfc1034identifier)";
				PRODUCT_NAME = DoaDalamQuran;
				VERSIONING_SYSTEM = "apple-generic";
			};
			name = Debug;
		};
		13B07F951A680F5B00A75B9A /* Release */ = {
			isa = XCBuildConfiguration;
			buildSettings = {
				ASSETCATALOG_COMPILER_APPICON_NAME = AppIcon;
				CURRENT_PROJECT_VERSION = 1;
				INFOPLIST_FILE = DoaDalamQuran/Info.plist;
				LD_RUNPATH_SEARCH_PATHS = "$(inherited) @executable_path/Frameworks";
				OTHER_LDFLAGS = (
					"$(inherited)",
					"-ObjC",
					"-lc++",
				);
				PRODUCT_BUNDLE_IDENTIFIER = "org.reactjs.native.example.$(PRODUCT_NAME:rfc1034identifier)";
				PRODUCT_NAME = DoaDalamQuran;
				VERSIONING_SYSTEM = "apple-generic";
			};
			name = Release;
		};
		2D02E4971E0B4A5E006451C7 /* Debug */ = {
			isa = XCBuildConfiguration;
			buildSettings = {
				ASSETCATALOG_COMPILER_APPICON_NAME = "App Icon & Top Shelf Image";
				ASSETCATALOG_COMPILER_LAUNCHIMAGE_NAME = LaunchImage;
				CLANG_ANALYZER_NONNULL = YES;
				CLANG_WARN_DOCUMENTATION_COMMENTS = YES;
				CLANG_WARN_INFINITE_RECURSION = YES;
				CLANG_WARN_SUSPICIOUS_MOVE = YES;
				DEBUG_INFORMATION_FORMAT = dwarf;
				ENABLE_TESTABILITY = YES;
				GCC_NO_COMMON_BLOCKS = YES;
				INFOPLIST_FILE = "DoaDalamQuran-tvOS/Info.plist";
				LD_RUNPATH_SEARCH_PATHS = "$(inherited) @executable_path/Frameworks";
				OTHER_LDFLAGS = (
					"$(inherited)",
					"-ObjC",
					"-lc++",
				);
				PRODUCT_BUNDLE_IDENTIFIER = "com.facebook.REACT.DoaDalamQuran-tvOS";
				PRODUCT_NAME = "$(TARGET_NAME)";
				SDKROOT = appletvos;
				TARGETED_DEVICE_FAMILY = 3;
				TVOS_DEPLOYMENT_TARGET = 9.2;
			};
			name = Debug;
		};
		2D02E4981E0B4A5E006451C7 /* Release */ = {
			isa = XCBuildConfiguration;
			buildSettings = {
				ASSETCATALOG_COMPILER_APPICON_NAME = "App Icon & Top Shelf Image";
				ASSETCATALOG_COMPILER_LAUNCHIMAGE_NAME = LaunchImage;
				CLANG_ANALYZER_NONNULL = YES;
				CLANG_WARN_DOCUMENTATION_COMMENTS = YES;
				CLANG_WARN_INFINITE_RECURSION = YES;
				CLANG_WARN_SUSPICIOUS_MOVE = YES;
				COPY_PHASE_STRIP = NO;
				DEBUG_INFORMATION_FORMAT = "dwarf-with-dsym";
				GCC_NO_COMMON_BLOCKS = YES;
				INFOPLIST_FILE = "DoaDalamQuran-tvOS/Info.plist";
				LD_RUNPATH_SEARCH_PATHS = "$(inherited) @executable_path/Frameworks";
				OTHER_LDFLAGS = (
					"$(inherited)",
					"-ObjC",
					"-lc++",
				);
				PRODUCT_BUNDLE_IDENTIFIER = "com.facebook.REACT.DoaDalamQuran-tvOS";
				PRODUCT_NAME = "$(TARGET_NAME)";
				SDKROOT = appletvos;
				TARGETED_DEVICE_FAMILY = 3;
				TVOS_DEPLOYMENT_TARGET = 9.2;
			};
			name = Release;
		};
		2D02E4991E0B4A5E006451C7 /* Debug */ = {
			isa = XCBuildConfiguration;
			buildSettings = {
				BUNDLE_LOADER = "$(TEST_HOST)";
				CLANG_ANALYZER_NONNULL = YES;
				CLANG_WARN_DOCUMENTATION_COMMENTS = YES;
				CLANG_WARN_INFINITE_RECURSION = YES;
				CLANG_WARN_SUSPICIOUS_MOVE = YES;
				DEBUG_INFORMATION_FORMAT = dwarf;
				ENABLE_TESTABILITY = YES;
				GCC_NO_COMMON_BLOCKS = YES;
				INFOPLIST_FILE = "DoaDalamQuran-tvOSTests/Info.plist";
				LD_RUNPATH_SEARCH_PATHS = "$(inherited) @executable_path/Frameworks @loader_path/Frameworks";
				OTHER_LDFLAGS = (
					"$(inherited)",
					"-ObjC",
					"-lc++",
				);
				PRODUCT_BUNDLE_IDENTIFIER = "com.facebook.REACT.DoaDalamQuran-tvOSTests";
				PRODUCT_NAME = "$(TARGET_NAME)";
				SDKROOT = appletvos;
				TEST_HOST = "$(BUILT_PRODUCTS_DIR)/DoaDalamQuran-tvOS.app/DoaDalamQuran-tvOS";
				TVOS_DEPLOYMENT_TARGET = 10.1;
			};
			name = Debug;
		};
		2D02E49A1E0B4A5E006451C7 /* Release */ = {
			isa = XCBuildConfiguration;
			buildSettings = {
				BUNDLE_LOADER = "$(TEST_HOST)";
				CLANG_ANALYZER_NONNULL = YES;
				CLANG_WARN_DOCUMENTATION_COMMENTS = YES;
				CLANG_WARN_INFINITE_RECURSION = YES;
				CLANG_WARN_SUSPICIOUS_MOVE = YES;
				COPY_PHASE_STRIP = NO;
				DEBUG_INFORMATION_FORMAT = "dwarf-with-dsym";
				GCC_NO_COMMON_BLOCKS = YES;
				INFOPLIST_FILE = "DoaDalamQuran-tvOSTests/Info.plist";
				LD_RUNPATH_SEARCH_PATHS = "$(inherited) @executable_path/Frameworks @loader_path/Frameworks";
				OTHER_LDFLAGS = (
					"$(inherited)",
					"-ObjC",
					"-lc++",
				);
				PRODUCT_BUNDLE_IDENTIFIER = "com.facebook.REACT.DoaDalamQuran-tvOSTests";
				PRODUCT_NAME = "$(TARGET_NAME)";
				SDKROOT = appletvos;
				TEST_HOST = "$(BUILT_PRODUCTS_DIR)/DoaDalamQuran-tvOS.app/DoaDalamQuran-tvOS";
				TVOS_DEPLOYMENT_TARGET = 10.1;
			};
			name = Release;
		};
		83CBBA201A601CBA00E9B192 /* Debug */ = {
			isa = XCBuildConfiguration;
			buildSettings = {
				ALWAYS_SEARCH_USER_PATHS = NO;
				CLANG_CXX_LANGUAGE_STANDARD = "gnu++0x";
				CLANG_CXX_LIBRARY = "libc++";
				CLANG_ENABLE_MODULES = YES;
				CLANG_ENABLE_OBJC_ARC = YES;
				CLANG_WARN_BLOCK_CAPTURE_AUTORELEASING = YES;
				CLANG_WARN_BOOL_CONVERSION = YES;
				CLANG_WARN_COMMA = YES;
				CLANG_WARN_CONSTANT_CONVERSION = YES;
				CLANG_WARN_DEPRECATED_OBJC_IMPLEMENTATIONS = YES;
				CLANG_WARN_DIRECT_OBJC_ISA_USAGE = YES_ERROR;
				CLANG_WARN_EMPTY_BODY = YES;
				CLANG_WARN_ENUM_CONVERSION = YES;
				CLANG_WARN_INFINITE_RECURSION = YES;
				CLANG_WARN_INT_CONVERSION = YES;
				CLANG_WARN_NON_LITERAL_NULL_CONVERSION = YES;
				CLANG_WARN_OBJC_IMPLICIT_RETAIN_SELF = YES;
				CLANG_WARN_OBJC_LITERAL_CONVERSION = YES;
				CLANG_WARN_OBJC_ROOT_CLASS = YES_ERROR;
				CLANG_WARN_RANGE_LOOP_ANALYSIS = YES;
				CLANG_WARN_STRICT_PROTOTYPES = YES;
				CLANG_WARN_SUSPICIOUS_MOVE = YES;
				CLANG_WARN_UNREACHABLE_CODE = YES;
				CLANG_WARN__DUPLICATE_METHOD_MATCH = YES;
				"CODE_SIGN_IDENTITY[sdk=iphoneos*]" = "iPhone Developer";
				COPY_PHASE_STRIP = NO;
				ENABLE_STRICT_OBJC_MSGSEND = YES;
				ENABLE_TESTABILITY = YES;
				GCC_C_LANGUAGE_STANDARD = gnu99;
				GCC_DYNAMIC_NO_PIC = NO;
				GCC_NO_COMMON_BLOCKS = YES;
				GCC_OPTIMIZATION_LEVEL = 0;
				GCC_PREPROCESSOR_DEFINITIONS = (
					"DEBUG=1",
					"$(inherited)",
				);
				GCC_SYMBOLS_PRIVATE_EXTERN = NO;
				GCC_WARN_64_TO_32_BIT_CONVERSION = YES;
				GCC_WARN_ABOUT_RETURN_TYPE = YES_ERROR;
				GCC_WARN_UNDECLARED_SELECTOR = YES;
				GCC_WARN_UNINITIALIZED_AUTOS = YES_AGGRESSIVE;
				GCC_WARN_UNUSED_FUNCTION = YES;
				GCC_WARN_UNUSED_VARIABLE = YES;
				IPHONEOS_DEPLOYMENT_TARGET = 9.0;
				MTL_ENABLE_DEBUG_INFO = YES;
				ONLY_ACTIVE_ARCH = YES;
				SDKROOT = iphoneos;
			};
			name = Debug;
		};
		83CBBA211A601CBA00E9B192 /* Release */ = {
			isa = XCBuildConfiguration;
			buildSettings = {
				ALWAYS_SEARCH_USER_PATHS = NO;
				CLANG_CXX_LANGUAGE_STANDARD = "gnu++0x";
				CLANG_CXX_LIBRARY = "libc++";
				CLANG_ENABLE_MODULES = YES;
				CLANG_ENABLE_OBJC_ARC = YES;
				CLANG_WARN_BLOCK_CAPTURE_AUTORELEASING = YES;
				CLANG_WARN_BOOL_CONVERSION = YES;
				CLANG_WARN_COMMA = YES;
				CLANG_WARN_CONSTANT_CONVERSION = YES;
				CLANG_WARN_DEPRECATED_OBJC_IMPLEMENTATIONS = YES;
				CLANG_WARN_DIRECT_OBJC_ISA_USAGE = YES_ERROR;
				CLANG_WARN_EMPTY_BODY = YES;
				CLANG_WARN_ENUM_CONVERSION = YES;
				CLANG_WARN_INFINITE_RECURSION = YES;
				CLANG_WARN_INT_CONVERSION = YES;
				CLANG_WARN_NON_LITERAL_NULL_CONVERSION = YES;
				CLANG_WARN_OBJC_IMPLICIT_RETAIN_SELF = YES;
				CLANG_WARN_OBJC_LITERAL_CONVERSION = YES;
				CLANG_WARN_OBJC_ROOT_CLASS = YES_ERROR;
				CLANG_WARN_RANGE_LOOP_ANALYSIS = YES;
				CLANG_WARN_STRICT_PROTOTYPES = YES;
				CLANG_WARN_SUSPICIOUS_MOVE = YES;
				CLANG_WARN_UNREACHABLE_CODE = YES;
				CLANG_WARN__DUPLICATE_METHOD_MATCH = YES;
				"CODE_SIGN_IDENTITY[sdk=iphoneos*]" = "iPhone Developer";
				COPY_PHASE_STRIP = YES;
				ENABLE_NS_ASSERTIONS = NO;
				ENABLE_STRICT_OBJC_MSGSEND = YES;
				GCC_C_LANGUAGE_STANDARD = gnu99;
				GCC_NO_COMMON_BLOCKS = YES;
				GCC_WARN_64_TO_32_BIT_CONVERSION = YES;
				GCC_WARN_ABOUT_RETURN_TYPE = YES_ERROR;
				GCC_WARN_UNDECLARED_SELECTOR = YES;
				GCC_WARN_UNINITIALIZED_AUTOS = YES_AGGRESSIVE;
				GCC_WARN_UNUSED_FUNCTION = YES;
				GCC_WARN_UNUSED_VARIABLE = YES;
				IPHONEOS_DEPLOYMENT_TARGET = 9.0;
				MTL_ENABLE_DEBUG_INFO = NO;
				SDKROOT = iphoneos;
				VALIDATE_PRODUCT = YES;
			};
			name = Release;
		};
/* End XCBuildConfiguration section */

/* Begin XCConfigurationList section */
		00E357021AD99517003FC87E /* Build configuration list for PBXNativeTarget "DoaDalamQuranTests" */ = {
			isa = XCConfigurationList;
			buildConfigurations = (
				00E356F61AD99517003FC87E /* Debug */,
				00E356F71AD99517003FC87E /* Release */,
			);
			defaultConfigurationIsVisible = 0;
			defaultConfigurationName = Release;
		};
		13B07F931A680F5B00A75B9A /* Build configuration list for PBXNativeTarget "DoaDalamQuran" */ = {
			isa = XCConfigurationList;
			buildConfigurations = (
				13B07F941A680F5B00A75B9A /* Debug */,
				13B07F951A680F5B00A75B9A /* Release */,
			);
			defaultConfigurationIsVisible = 0;
			defaultConfigurationName = Release;
		};
		2D02E4BA1E0B4A5E006451C7 /* Build configuration list for PBXNativeTarget "DoaDalamQuran-tvOS" */ = {
			isa = XCConfigurationList;
			buildConfigurations = (
				2D02E4971E0B4A5E006451C7 /* Debug */,
				2D02E4981E0B4A5E006451C7 /* Release */,
			);
			defaultConfigurationIsVisible = 0;
			defaultConfigurationName = Release;
		};
		2D02E4BB1E0B4A5E006451C7 /* Build configuration list for PBXNativeTarget "DoaDalamQuran-tvOSTests" */ = {
			isa = XCConfigurationList;
			buildConfigurations = (
				2D02E4991E0B4A5E006451C7 /* Debug */,
				2D02E49A1E0B4A5E006451C7 /* Release */,
			);
			defaultConfigurationIsVisible = 0;
			defaultConfigurationName = Release;
		};
		83CBB9FA1A601CBA00E9B192 /* Build configuration list for PBXProject "DoaDalamQuran" */ = {
			isa = XCConfigurationList;
			buildConfigurations = (
				83CBBA201A601CBA00E9B192 /* Debug */,
				83CBBA211A601CBA00E9B192 /* Release */,
			);
			defaultConfigurationIsVisible = 0;
			defaultConfigurationName = Release;
		};
/* End XCConfigurationList section */
	};
	rootObject = 83CBB9F71A601CBA00E9B192 /* Project object */;
}
